// !$*UTF8*$!
{
	archiveVersion = 1;
	classes = {
	};
	objectVersion = 46;
	objects = {

/* Begin PBXBuildFile section */
		06BD870A198878610025A46D /* AppDelegate.swift in Sources */ = {isa = PBXBuildFile; fileRef = 06BD8709198878610025A46D /* AppDelegate.swift */; };
		06BD870F198878610025A46D /* Main.storyboard in Resources */ = {isa = PBXBuildFile; fileRef = 06BD870D198878610025A46D /* Main.storyboard */; };
		06BD8711198878610025A46D /* Images.xcassets in Resources */ = {isa = PBXBuildFile; fileRef = 06BD8710198878610025A46D /* Images.xcassets */; };
		06BD871D198878610025A46D /* Douban_DemoTests.swift in Sources */ = {isa = PBXBuildFile; fileRef = 06BD871C198878610025A46D /* Douban_DemoTests.swift */; };
		06BD8727198878ED0025A46D /* MainViewController.swift in Sources */ = {isa = PBXBuildFile; fileRef = 06BD8726198878ED0025A46D /* MainViewController.swift */; };
		06BD8729198879090025A46D /* ChannelListViewController.swift in Sources */ = {isa = PBXBuildFile; fileRef = 06BD8728198879090025A46D /* ChannelListViewController.swift */; };
		06BD872D1988875C0025A46D /* DoubanService.swift in Sources */ = {isa = PBXBuildFile; fileRef = 06BD872C1988875C0025A46D /* DoubanService.swift */; };
		06D9649E198A1C3400E111A1 /* TestThread.swift in Sources */ = {isa = PBXBuildFile; fileRef = 06D9649D198A1C3400E111A1 /* TestThread.swift */; };
		06D964A3198A248100E111A1 /* DoubanService.swift in Sources */ = {isa = PBXBuildFile; fileRef = 06BD872C1988875C0025A46D /* DoubanService.swift */; };
/* End PBXBuildFile section */

/* Begin PBXContainerItemProxy section */
		06BD8717198878610025A46D /* PBXContainerItemProxy */ = {
			isa = PBXContainerItemProxy;
			containerPortal = 06BD86FC198878610025A46D /* Project object */;
			proxyType = 1;
			remoteGlobalIDString = 06BD8703198878610025A46D;
			remoteInfo = "Douban-Demo";
		};
		06D9649F198A228200E111A1 /* PBXContainerItemProxy */ = {
			isa = PBXContainerItemProxy;
			containerPortal = 06BD86FC198878610025A46D /* Project object */;
			proxyType = 1;
			remoteGlobalIDString = 06BD8703198878610025A46D;
			remoteInfo = "Douban-Demo";
		};
		06D964A1198A228200E111A1 /* PBXContainerItemProxy */ = {
			isa = PBXContainerItemProxy;
			containerPortal = 06BD86FC198878610025A46D /* Project object */;
			proxyType = 1;
			remoteGlobalIDString = 06BD8703198878610025A46D;
			remoteInfo = "Douban-Demo";
		};
/* End PBXContainerItemProxy section */

/* Begin PBXFileReference section */
		06BD8704198878610025A46D /* Douban-Demo.app */ = {isa = PBXFileReference; explicitFileType = wrapper.application; includeInIndex = 0; path = "Douban-Demo.app"; sourceTree = BUILT_PRODUCTS_DIR; };
		06BD8708198878610025A46D /* Info.plist */ = {isa = PBXFileReference; lastKnownFileType = text.plist.xml; path = Info.plist; sourceTree = "<group>"; };
		06BD8709198878610025A46D /* AppDelegate.swift */ = {isa = PBXFileReference; lastKnownFileType = sourcecode.swift; path = AppDelegate.swift; sourceTree = "<group>"; };
		06BD870E198878610025A46D /* Base */ = {isa = PBXFileReference; lastKnownFileType = file.storyboard; name = Base; path = Base.lproj/Main.storyboard; sourceTree = "<group>"; };
		06BD8710198878610025A46D /* Images.xcassets */ = {isa = PBXFileReference; lastKnownFileType = folder.assetcatalog; path = Images.xcassets; sourceTree = "<group>"; };
		06BD8716198878610025A46D /* Douban-DemoTests.xctest */ = {isa = PBXFileReference; explicitFileType = wrapper.cfbundle; includeInIndex = 0; path = "Douban-DemoTests.xctest"; sourceTree = BUILT_PRODUCTS_DIR; };
		06BD871B198878610025A46D /* Info.plist */ = {isa = PBXFileReference; lastKnownFileType = text.plist.xml; path = Info.plist; sourceTree = "<group>"; };
		06BD871C198878610025A46D /* Douban_DemoTests.swift */ = {isa = PBXFileReference; lastKnownFileType = sourcecode.swift; path = Douban_DemoTests.swift; sourceTree = "<group>"; };
		06BD8726198878ED0025A46D /* MainViewController.swift */ = {isa = PBXFileReference; fileEncoding = 4; lastKnownFileType = sourcecode.swift; path = MainViewController.swift; sourceTree = "<group>"; };
		06BD8728198879090025A46D /* ChannelListViewController.swift */ = {isa = PBXFileReference; fileEncoding = 4; lastKnownFileType = sourcecode.swift; path = ChannelListViewController.swift; sourceTree = "<group>"; };
		06BD872C1988875C0025A46D /* DoubanService.swift */ = {isa = PBXFileReference; fileEncoding = 4; lastKnownFileType = sourcecode.swift; path = DoubanService.swift; sourceTree = "<group>"; };
		06D9649D198A1C3400E111A1 /* TestThread.swift */ = {isa = PBXFileReference; fileEncoding = 4; lastKnownFileType = sourcecode.swift; path = TestThread.swift; sourceTree = "<group>"; };
/* End PBXFileReference section */

/* Begin PBXFrameworksBuildPhase section */
		06BD8701198878610025A46D /* Frameworks */ = {
			isa = PBXFrameworksBuildPhase;
			buildActionMask = 2147483647;
			files = (
			);
			runOnlyForDeploymentPostprocessing = 0;
		};
		06BD8713198878610025A46D /* Frameworks */ = {
			isa = PBXFrameworksBuildPhase;
			buildActionMask = 2147483647;
			files = (
			);
			runOnlyForDeploymentPostprocessing = 0;
		};
/* End PBXFrameworksBuildPhase section */

/* Begin PBXGroup section */
		06BD86FB198878610025A46D = {
			isa = PBXGroup;
			children = (
				06BD8706198878610025A46D /* Douban-Demo */,
				06BD8719198878610025A46D /* Douban-DemoTests */,
				06BD8705198878610025A46D /* Products */,
			);
			sourceTree = "<group>";
		};
		06BD8705198878610025A46D /* Products */ = {
			isa = PBXGroup;
			children = (
				06BD8704198878610025A46D /* Douban-Demo.app */,
				06BD8716198878610025A46D /* Douban-DemoTests.xctest */,
			);
			name = Products;
			sourceTree = "<group>";
		};
		06BD8706198878610025A46D /* Douban-Demo */ = {
			isa = PBXGroup;
			children = (
				06BD8709198878610025A46D /* AppDelegate.swift */,
				06BD870D198878610025A46D /* Main.storyboard */,
				06BD8710198878610025A46D /* Images.xcassets */,
				06BD8707198878610025A46D /* Supporting Files */,
				06BD8726198878ED0025A46D /* MainViewController.swift */,
				06BD8728198879090025A46D /* ChannelListViewController.swift */,
				06BD872C1988875C0025A46D /* DoubanService.swift */,
			);
			path = "Douban-Demo";
			sourceTree = "<group>";
		};
		06BD8707198878610025A46D /* Supporting Files */ = {
			isa = PBXGroup;
			children = (
				06BD8708198878610025A46D /* Info.plist */,
			);
			name = "Supporting Files";
			sourceTree = "<group>";
		};
		06BD8719198878610025A46D /* Douban-DemoTests */ = {
			isa = PBXGroup;
			children = (
				06BD871C198878610025A46D /* Douban_DemoTests.swift */,
				06BD871A198878610025A46D /* Supporting Files */,
				06D9649D198A1C3400E111A1 /* TestThread.swift */,
			);
			path = "Douban-DemoTests";
			sourceTree = "<group>";
		};
		06BD871A198878610025A46D /* Supporting Files */ = {
			isa = PBXGroup;
			children = (
				06BD871B198878610025A46D /* Info.plist */,
			);
			name = "Supporting Files";
			sourceTree = "<group>";
		};
/* End PBXGroup section */

/* Begin PBXNativeTarget section */
		06BD8703198878610025A46D /* Douban-Demo */ = {
			isa = PBXNativeTarget;
			buildConfigurationList = 06BD8720198878610025A46D /* Build configuration list for PBXNativeTarget "Douban-Demo" */;
			buildPhases = (
				06BD8700198878610025A46D /* Sources */,
				06BD8701198878610025A46D /* Frameworks */,
				06BD8702198878610025A46D /* Resources */,
			);
			buildRules = (
			);
			dependencies = (
			);
			name = "Douban-Demo";
			productName = "Douban-Demo";
			productReference = 06BD8704198878610025A46D /* Douban-Demo.app */;
			productType = "com.apple.product-type.application";
		};
		06BD8715198878610025A46D /* Douban-DemoTests */ = {
			isa = PBXNativeTarget;
			buildConfigurationList = 06BD8723198878610025A46D /* Build configuration list for PBXNativeTarget "Douban-DemoTests" */;
			buildPhases = (
				06BD8712198878610025A46D /* Sources */,
				06BD8713198878610025A46D /* Frameworks */,
				06BD8714198878610025A46D /* Resources */,
			);
			buildRules = (
			);
			dependencies = (
				06BD8718198878610025A46D /* PBXTargetDependency */,
				06D964A0198A228200E111A1 /* PBXTargetDependency */,
				06D964A2198A228200E111A1 /* PBXTargetDependency */,
			);
			name = "Douban-DemoTests";
			productName = "Douban-DemoTests";
			productReference = 06BD8716198878610025A46D /* Douban-DemoTests.xctest */;
			productType = "com.apple.product-type.bundle.unit-test";
		};
/* End PBXNativeTarget section */

/* Begin PBXProject section */
		06BD86FC198878610025A46D /* Project object */ = {
			isa = PBXProject;
			attributes = {
				LastUpgradeCheck = 0600;
				ORGANIZATIONNAME = AnyApps;
				TargetAttributes = {
					06BD8703198878610025A46D = {
						CreatedOnToolsVersion = 6.0;
					};
					06BD8715198878610025A46D = {
						CreatedOnToolsVersion = 6.0;
						TestTargetID = 06BD8703198878610025A46D;
					};
				};
			};
			buildConfigurationList = 06BD86FF198878610025A46D /* Build configuration list for PBXProject "Douban-Demo" */;
			compatibilityVersion = "Xcode 3.2";
			developmentRegion = English;
			hasScannedForEncodings = 0;
			knownRegions = (
				en,
				Base,
			);
			mainGroup = 06BD86FB198878610025A46D;
			productRefGroup = 06BD8705198878610025A46D /* Products */;
			projectDirPath = "";
			projectRoot = "";
			targets = (
				06BD8703198878610025A46D /* Douban-Demo */,
				06BD8715198878610025A46D /* Douban-DemoTests */,
			);
		};
/* End PBXProject section */

/* Begin PBXResourcesBuildPhase section */
		06BD8702198878610025A46D /* Resources */ = {
			isa = PBXResourcesBuildPhase;
			buildActionMask = 2147483647;
			files = (
				06BD870F198878610025A46D /* Main.storyboard in Resources */,
				06BD8711198878610025A46D /* Images.xcassets in Resources */,
			);
			runOnlyForDeploymentPostprocessing = 0;
		};
		06BD8714198878610025A46D /* Resources */ = {
			isa = PBXResourcesBuildPhase;
			buildActionMask = 2147483647;
			files = (
			);
			runOnlyForDeploymentPostprocessing = 0;
		};
/* End PBXResourcesBuildPhase section */

/* Begin PBXSourcesBuildPhase section */
		06BD8700198878610025A46D /* Sources */ = {
			isa = PBXSourcesBuildPhase;
			buildActionMask = 2147483647;
			files = (
				06BD872D1988875C0025A46D /* DoubanService.swift in Sources */,
				06BD8727198878ED0025A46D /* MainViewController.swift in Sources */,
				06BD8729198879090025A46D /* ChannelListViewController.swift in Sources */,
				06BD870A198878610025A46D /* AppDelegate.swift in Sources */,
			);
			runOnlyForDeploymentPostprocessing = 0;
		};
		06BD8712198878610025A46D /* Sources */ = {
			isa = PBXSourcesBuildPhase;
			buildActionMask = 2147483647;
			files = (
				06BD871D198878610025A46D /* Douban_DemoTests.swift in Sources */,
				06D964A3198A248100E111A1 /* DoubanService.swift in Sources */,
				06D9649E198A1C3400E111A1 /* TestThread.swift in Sources */,
			);
			runOnlyForDeploymentPostprocessing = 0;
		};
/* End PBXSourcesBuildPhase section */

/* Begin PBXTargetDependency section */
		06BD8718198878610025A46D /* PBXTargetDependency */ = {
			isa = PBXTargetDependency;
			target = 06BD8703198878610025A46D /* Douban-Demo */;
			targetProxy = 06BD8717198878610025A46D /* PBXContainerItemProxy */;
		};
		06D964A0198A228200E111A1 /* PBXTargetDependency */ = {
			isa = PBXTargetDependency;
			target = 06BD8703198878610025A46D /* Douban-Demo */;
			targetProxy = 06D9649F198A228200E111A1 /* PBXContainerItemProxy */;
		};
		06D964A2198A228200E111A1 /* PBXTargetDependency */ = {
			isa = PBXTargetDependency;
			target = 06BD8703198878610025A46D /* Douban-Demo */;
			targetProxy = 06D964A1198A228200E111A1 /* PBXContainerItemProxy */;
		};
/* End PBXTargetDependency section */

/* Begin PBXVariantGroup section */
		06BD870D198878610025A46D /* Main.storyboard */ = {
			isa = PBXVariantGroup;
			children = (
				06BD870E198878610025A46D /* Base */,
			);
			name = Main.storyboard;
			sourceTree = "<group>";
		};
/* End PBXVariantGroup section */

/* Begin XCBuildConfiguration section */
		06BD871E198878610025A46D /* Debug */ = {
			isa = XCBuildConfiguration;
			buildSettings = {
				ALWAYS_SEARCH_USER_PATHS = NO;
				CLANG_CXX_LANGUAGE_STANDARD = "gnu++0x";
				CLANG_CXX_LIBRARY = "libc++";
				CLANG_ENABLE_MODULES = YES;
				CLANG_ENABLE_OBJC_ARC = YES;
				CLANG_WARN_BOOL_CONVERSION = YES;
				CLANG_WARN_CONSTANT_CONVERSION = YES;
				CLANG_WARN_DIRECT_OBJC_ISA_USAGE = YES_ERROR;
				CLANG_WARN_EMPTY_BODY = YES;
				CLANG_WARN_ENUM_CONVERSION = YES;
				CLANG_WARN_INT_CONVERSION = YES;
				CLANG_WARN_OBJC_ROOT_CLASS = YES_ERROR;
				CLANG_WARN_UNREACHABLE_CODE = YES;
				CLANG_WARN__DUPLICATE_METHOD_MATCH = YES;
				"CODE_SIGN_IDENTITY[sdk=iphoneos*]" = "iPhone Developer";
				COPY_PHASE_STRIP = NO;
				ENABLE_STRICT_OBJC_MSGSEND = YES;
				GCC_C_LANGUAGE_STANDARD = gnu99;
				GCC_DYNAMIC_NO_PIC = NO;
				GCC_OPTIMIZATION_LEVEL = 0;
				GCC_PREPROCESSOR_DEFINITIONS = (
					"DEBUG=1",
					"$(inherited)",
				);
				GCC_SYMBOLS_PRIVATE_EXTERN = NO;
				GCC_WARN_64_TO_32_BIT_CONVERSION = YES;
				GCC_WARN_ABOUT_RETURN_TYPE = YES_ERROR;
				GCC_WARN_UNDECLARED_SELECTOR = YES;
				GCC_WARN_UNINITIALIZED_AUTOS = YES_AGGRESSIVE;
				GCC_WARN_UNUSED_FUNCTION = YES;
				GCC_WARN_UNUSED_VARIABLE = YES;
				IPHONEOS_DEPLOYMENT_TARGET = 8.0;
				MTL_ENABLE_DEBUG_INFO = YES;
				ONLY_ACTIVE_ARCH = YES;
				SDKROOT = iphoneos;
				SWIFT_OPTIMIZATION_LEVEL = "-Onone";
			};
			name = Debug;
		};
		06BD871F198878610025A46D /* Release */ = {
			isa = XCBuildConfiguration;
			buildSettings = {
				ALWAYS_SEARCH_USER_PATHS = NO;
				CLANG_CXX_LANGUAGE_STANDARD = "gnu++0x";
				CLANG_CXX_LIBRARY = "libc++";
				CLANG_ENABLE_MODULES = YES;
				CLANG_ENABLE_OBJC_ARC = YES;
				CLANG_WARN_BOOL_CONVERSION = YES;
				CLANG_WARN_CONSTANT_CONVERSION = YES;
				CLANG_WARN_DIRECT_OBJC_ISA_USAGE = YES_ERROR;
				CLANG_WARN_EMPTY_BODY = YES;
				CLANG_WARN_ENUM_CONVERSION = YES;
				CLANG_WARN_INT_CONVERSION = YES;
				CLANG_WARN_OBJC_ROOT_CLASS = YES_ERROR;
				CLANG_WARN_UNREACHABLE_CODE = YES;
				CLANG_WARN__DUPLICATE_METHOD_MATCH = YES;
				"CODE_SIGN_IDENTITY[sdk=iphoneos*]" = "iPhone Developer";
				COPY_PHASE_STRIP = YES;
				ENABLE_NS_ASSERTIONS = NO;
				ENABLE_STRICT_OBJC_MSGSEND = YES;
				GCC_C_LANGUAGE_STANDARD = gnu99;
				GCC_WARN_64_TO_32_BIT_CONVERSION = YES;
				GCC_WARN_ABOUT_RETURN_TYPE = YES_ERROR;
				GCC_WARN_UNDECLARED_SELECTOR = YES;
				GCC_WARN_UNINITIALIZED_AUTOS = YES_AGGRESSIVE;
				GCC_WARN_UNUSED_FUNCTION = YES;
				GCC_WARN_UNUSED_VARIABLE = YES;
				IPHONEOS_DEPLOYMENT_TARGET = 8.0;
				MTL_ENABLE_DEBUG_INFO = NO;
				SDKROOT = iphoneos;
				VALIDATE_PRODUCT = YES;
			};
			name = Release;
		};
		06BD8721198878610025A46D /* Debug */ = {
			isa = XCBuildConfiguration;
			buildSettings = {
				ASSETCATALOG_COMPILER_APPICON_NAME = AppIcon;
				ASSETCATALOG_COMPILER_LAUNCHIMAGE_NAME = LaunchImage;
				INFOPLIST_FILE = "Douban-Demo/Info.plist";
				LD_RUNPATH_SEARCH_PATHS = "$(inherited) @executable_path/Frameworks";
				PRODUCT_NAME = "$(TARGET_NAME)";
			};
			name = Debug;
		};
		06BD8722198878610025A46D /* Release */ = {
			isa = XCBuildConfiguration;
			buildSettings = {
				ASSETCATALOG_COMPILER_APPICON_NAME = AppIcon;
				ASSETCATALOG_COMPILER_LAUNCHIMAGE_NAME = LaunchImage;
				INFOPLIST_FILE = "Douban-Demo/Info.plist";
				LD_RUNPATH_SEARCH_PATHS = "$(inherited) @executable_path/Frameworks";
				PRODUCT_NAME = "$(TARGET_NAME)";
			};
			name = Release;
		};
		06BD8724198878610025A46D /* Debug */ = {
			isa = XCBuildConfiguration;
			buildSettings = {
				BUNDLE_LOADER = "$(BUILT_PRODUCTS_DIR)/Douban-Demo.app/Douban-Demo";
				FRAMEWORK_SEARCH_PATHS = (
					"$(SDKROOT)/Developer/Library/Frameworks",
					"$(inherited)",
				);
				GCC_PREPROCESSOR_DEFINITIONS = (
					"DEBUG=1",
					"$(inherited)",
				);
				INFOPLIST_FILE = "Douban-DemoTests/Info.plist";
				LD_RUNPATH_SEARCH_PATHS = "$(inherited) @executable_path/Frameworks @loader_path/Frameworks";
				PRODUCT_NAME = "$(TARGET_NAME)";
				TEST_HOST = "$(BUNDLE_LOADER)";
			};
			name = Debug;
		};
		06BD8725198878610025A46D /* Release */ = {
			isa = XCBuildConfiguration;
			buildSettings = {
				BUNDLE_LOADER = "$(BUILT_PRODUCTS_DIR)/Douban-Demo.app/Douban-Demo";
				FRAMEWORK_SEARCH_PATHS = (
					"$(SDKROOT)/Developer/Library/Frameworks",
					"$(inherited)",
				);
				INFOPLIST_FILE = "Douban-DemoTests/Info.plist";
				LD_RUNPATH_SEARCH_PATHS = "$(inherited) @executable_path/Frameworks @loader_path/Frameworks";
				PRODUCT_NAME = "$(TARGET_NAME)";
				TEST_HOST = "$(BUNDLE_LOADER)";
			};
			name = Release;
		};
/* End XCBuildConfiguration section */

/* Begin XCConfigurationList section */
		06BD86FF198878610025A46D /* Build configuration list for PBXProject "Douban-Demo" */ = {
			isa = XCConfigurationList;
			buildConfigurations = (
				06BD871E198878610025A46D /* Debug */,
				06BD871F198878610025A46D /* Release */,
			);
			defaultConfigurationIsVisible = 0;
			defaultConfigurationName = Release;
		};
		06BD8720198878610025A46D /* Build configuration list for PBXNativeTarget "Douban-Demo" */ = {
			isa = XCConfigurationList;
			buildConfigurations = (
				06BD8721198878610025A46D /* Debug */,
				06BD8722198878610025A46D /* Release */,
			);
			defaultConfigurationIsVisible = 0;
			defaultConfigurationName = Release;
		};
		06BD8723198878610025A46D /* Build configuration list for PBXNativeTarget "Douban-DemoTests" */ = {
			isa = XCConfigurationList;
			buildConfigurations = (
				06BD8724198878610025A46D /* Debug */,
				06BD8725198878610025A46D /* Release */,
			);
			defaultConfigurationIsVisible = 0;
			defaultConfigurationName = Release;
		};
/* End XCConfigurationList section */
	};
	rootObject = 06BD86FC198878610025A46D /* Project object */;
}
